Microsoft Visual Studio Solution File, Format Version 12.00
# Visual Studio Version 17
VisualStudioVersion = 17.5.2.0
MinimumVisualStudioVersion = 10.0.40219.1
Project("{FAE04EC0-301F-11D3-BF4B-00C04F79EFBC}") = "german", "german.csproj", "{534CCABA-8076-918A-8663-A5D2D30624DD}"
EndProject
Project("{FAE04EC0-301F-11D3-BF4B-00C04F79EFBC}") = "abstractos", "abstractos 28-08-2025\abstractos.csproj", "{6DFF9951-4317-29B3-F2DA-692E7B7E083F}"
EndProject
Global
	GlobalSection(SolutionConfigurationPlatforms) = preSolution
		Debug|Any CPU = Debug|Any CPU
		Release|Any CPU = Release|Any CPU
	EndGlobalSection
	GlobalSection(ProjectConfigurationPlatforms) = postSolution
		{534CCABA-8076-918A-8663-A5D2D30624DD}.Debug|Any CPU.ActiveCfg = Debug|Any CPU
		{534CCABA-8076-918A-8663-A5D2D30624DD}.Debug|Any CPU.Build.0 = Debug|Any CPU
		{534CCABA-8076-918A-8663-A5D2D30624DD}.Release|Any CPU.ActiveCfg = Release|Any CPU
		{534CCABA-8076-918A-8663-A5D2D30624DD}.Release|Any CPU.Build.0 = Release|Any CPU
		{6DFF9951-4317-29B3-F2DA-692E7B7E083F}.Debug|Any CPU.ActiveCfg = Debug|Any CPU
		{6DFF9951-4317-29B3-F2DA-692E7B7E083F}.Debug|Any CPU.Build.0 = Debug|Any CPU
		{6DFF9951-4317-29B3-F2DA-692E7B7E083F}.Release|Any CPU.ActiveCfg = Release|Any CPU
		{6DFF9951-4317-29B3-F2DA-692E7B7E083F}.Release|Any CPU.Build.0 = Release|Any CPU
	EndGlobalSection
	GlobalSection(SolutionProperties) = preSolution
		HideSolutionNode = FALSE
	EndGlobalSection
	GlobalSection(ExtensibilityGlobals) = postSolution
		SolutionGuid = {E4EEC6E8-DBF1-416E-A9F5-C61FBE9DCB07}
	EndGlobalSection
EndGlobal
